
Microsoft Visual Studio Solution File, Format Version 12.00
# Visual Studio Version 17
VisualStudioVersion = 17.5.33424.131
MinimumVisualStudioVersion = 10.0.40219.1
Project("{2150E333-8FDC-42A3-9474-1A3956D46DE8}") = "Solution Items", "Solution Items", "{7D074176-B8A0-4814-87EB-4C4086C6CE60}"
	ProjectSection(SolutionItems) = preProject
		.editorconfig = .editorconfig
		.vsconfig = .vsconfig
		Directory.build.props = Directory.build.props
		Directory.build.targets = Directory.build.targets
		Directory.packages.props = Directory.packages.props
		global.json = global.json
		WpfPilot.ruleset = WpfPilot.ruleset
	EndProjectSection
EndProject
Project("{9A19103F-16F7-4668-BE54-9A1E7A4F7556}") = "WpfPilot", "WpfPilot\WpfPilot.csproj", "{883A18A9-A386-4342-AC95-9AFC34913FCA}"
	ProjectSection(ProjectDependencies) = postProject
		{1E16FD0C-92AA-403D-B949-1F19B96DD3CE} = {1E16FD0C-92AA-403D-B949-1F19B96DD3CE}
		{232EB0FA-860E-447A-9259-517EE82CE548} = {232EB0FA-860E-447A-9259-517EE82CE548}
	EndProjectSection
EndProject
Project("{9A19103F-16F7-4668-BE54-9A1E7A4F7556}") = "WpfPilot.Tests", "WpfPilot.Tests\WpfPilot.Tests.csproj", "{7ABD1C31-D98A-43D8-8420-3498C4B51ED3}"
EndProject
Project("{9A19103F-16F7-4668-BE54-9A1E7A4F7556}") = "WpfPilot.ExampleApp", "WpfPilot.ExampleApp\WpfPilot.ExampleApp.csproj", "{162F7FF6-D88C-4CDA-8F3D-306D1C22462C}"
EndProject
Project("{FAE04EC0-301F-11D3-BF4B-00C04F79EFBC}") = "WpfPilot.Injector", "WpfPilot.Injector\WpfPilot.Injector.csproj", "{232EB0FA-860E-447A-9259-517EE82CE548}"
EndProject
Project("{8BC9CEB8-8B4A-11D0-8D11-00A0C91BC942}") = "WpfPilot.InjectionDll", "WpfPilot.InjectionDll\WpfPilot.InjectionDll.vcxproj", "{1E16FD0C-92AA-403D-B949-1F19B96DD3CE}"
EndProject
Project("{FAE04EC0-301F-11D3-BF4B-00C04F79EFBC}") = "WpfPilot.Mac", "WpfPilot.Mac\WpfPilot.Mac.csproj", "{836F5A1B-754C-411A-9C3D-84DCE9B910F5}"
EndProject
Project("{FAE04EC0-301F-11D3-BF4B-00C04F79EFBC}") = "WpfPilot.Mac.SampleHost", "WpfPilot.Mac.SampleHost\WpfPilot.Mac.SampleHost.csproj", "{7E553C95-20F3-490E-918C-62CF844FEA0F}"
EndProject
Project("{FAE04EC0-301F-11D3-BF4B-00C04F79EFBC}") = "WpfPilot.Mac.Tests", "WpfPilot.Mac.Tests\WpfPilot.Mac.Tests.csproj", "{C810E0E8-230A-431E-BEC8-B3BC5A9BA274}"
EndProject
Project("{FAE04EC0-301F-11D3-BF4B-00C04F79EFBC}") = "WpfPilot.Mac.Server", "WpfPilot.Mac.Server\WpfPilot.Mac.Server.csproj", "{46A13ADD-550C-4A6E-9995-E26D47A3B836}"
EndProject
Project("{FAE04EC0-301F-11D3-BF4B-00C04F79EFBC}") = "WpfPilot.Mac.Driver", "WpfPilot.Mac.Driver\WpfPilot.Mac.Driver.csproj", "{744D082C-616F-4887-A661-2318205768EC}"
EndProject
Global
	GlobalSection(SolutionConfigurationPlatforms) = preSolution
		Debug|x86 = Debug|x86
		Debug|x64 = Debug|x64
		Debug|Any CPU = Debug|Any CPU
		Release|x86 = Release|x86
		Release|x64 = Release|x64
		Release|Any CPU = Release|Any CPU
	EndGlobalSection
	GlobalSection(ProjectConfigurationPlatforms) = postSolution
		{883A18A9-A386-4342-AC95-9AFC34913FCA}.Debug|x86.ActiveCfg = Debug|Any CPU
		{883A18A9-A386-4342-AC95-9AFC34913FCA}.Debug|x86.Build.0 = Debug|Any CPU
		{883A18A9-A386-4342-AC95-9AFC34913FCA}.Debug|x64.ActiveCfg = Debug|Any CPU
		{883A18A9-A386-4342-AC95-9AFC34913FCA}.Debug|x64.Build.0 = Debug|Any CPU
		{883A18A9-A386-4342-AC95-9AFC34913FCA}.Debug|Any CPU.ActiveCfg = Debug|Any CPU
		{883A18A9-A386-4342-AC95-9AFC34913FCA}.Debug|Any CPU.Build.0 = Debug|Any CPU
		{883A18A9-A386-4342-AC95-9AFC34913FCA}.Release|x86.ActiveCfg = Release|Any CPU
		{883A18A9-A386-4342-AC95-9AFC34913FCA}.Release|x86.Build.0 = Release|Any CPU
		{883A18A9-A386-4342-AC95-9AFC34913FCA}.Release|x64.ActiveCfg = Release|Any CPU
		{883A18A9-A386-4342-AC95-9AFC34913FCA}.Release|x64.Build.0 = Release|Any CPU
		{883A18A9-A386-4342-AC95-9AFC34913FCA}.Release|Any CPU.ActiveCfg = Release|Any CPU
		{883A18A9-A386-4342-AC95-9AFC34913FCA}.Release|Any CPU.Build.0 = Release|Any CPU
		{7ABD1C31-D98A-43D8-8420-3498C4B51ED3}.Debug|x86.ActiveCfg = Debug|x86
		{7ABD1C31-D98A-43D8-8420-3498C4B51ED3}.Debug|x86.Build.0 = Debug|x86
		{7ABD1C31-D98A-43D8-8420-3498C4B51ED3}.Debug|x64.ActiveCfg = Debug|x64
		{7ABD1C31-D98A-43D8-8420-3498C4B51ED3}.Debug|x64.Build.0 = Debug|x64
		{7ABD1C31-D98A-43D8-8420-3498C4B51ED3}.Debug|Any CPU.ActiveCfg = Debug|Any CPU
		{7ABD1C31-D98A-43D8-8420-3498C4B51ED3}.Debug|Any CPU.Build.0 = Debug|Any CPU
		{7ABD1C31-D98A-43D8-8420-3498C4B51ED3}.Release|x86.ActiveCfg = Release|x86
		{7ABD1C31-D98A-43D8-8420-3498C4B51ED3}.Release|x86.Build.0 = Release|x86
		{7ABD1C31-D98A-43D8-8420-3498C4B51ED3}.Release|x64.ActiveCfg = Release|x64
		{7ABD1C31-D98A-43D8-8420-3498C4B51ED3}.Release|x64.Build.0 = Release|x64
		{7ABD1C31-D98A-43D8-8420-3498C4B51ED3}.Release|Any CPU.ActiveCfg = Release|Any CPU
		{7ABD1C31-D98A-43D8-8420-3498C4B51ED3}.Release|Any CPU.Build.0 = Release|Any CPU
		{162F7FF6-D88C-4CDA-8F3D-306D1C22462C}.Debug|x86.ActiveCfg = Debug|x86
		{162F7FF6-D88C-4CDA-8F3D-306D1C22462C}.Debug|x86.Build.0 = Debug|x86
		{162F7FF6-D88C-4CDA-8F3D-306D1C22462C}.Debug|x64.ActiveCfg = Debug|x64
		{162F7FF6-D88C-4CDA-8F3D-306D1C22462C}.Debug|x64.Build.0 = Debug|x64
		{162F7FF6-D88C-4CDA-8F3D-306D1C22462C}.Debug|Any CPU.ActiveCfg = Debug|Any CPU
		{162F7FF6-D88C-4CDA-8F3D-306D1C22462C}.Debug|Any CPU.Build.0 = Debug|Any CPU
		{162F7FF6-D88C-4CDA-8F3D-306D1C22462C}.Release|x86.ActiveCfg = Release|x86
		{162F7FF6-D88C-4CDA-8F3D-306D1C22462C}.Release|x86.Build.0 = Release|x86
		{162F7FF6-D88C-4CDA-8F3D-306D1C22462C}.Release|x64.ActiveCfg = Release|x64
		{162F7FF6-D88C-4CDA-8F3D-306D1C22462C}.Release|x64.Build.0 = Release|x64
		{162F7FF6-D88C-4CDA-8F3D-306D1C22462C}.Release|Any CPU.ActiveCfg = Release|Any CPU
		{162F7FF6-D88C-4CDA-8F3D-306D1C22462C}.Release|Any CPU.Build.0 = Release|Any CPU
		{232EB0FA-860E-447A-9259-517EE82CE548}.Debug|x86.ActiveCfg = Debug|x86
		{232EB0FA-860E-447A-9259-517EE82CE548}.Debug|x86.Build.0 = Debug|x86
		{232EB0FA-860E-447A-9259-517EE82CE548}.Debug|x64.ActiveCfg = Debug|x64
		{232EB0FA-860E-447A-9259-517EE82CE548}.Debug|x64.Build.0 = Debug|x64
		{232EB0FA-860E-447A-9259-517EE82CE548}.Debug|Any CPU.ActiveCfg = Debug|Any CPU
		{232EB0FA-860E-447A-9259-517EE82CE548}.Debug|Any CPU.Build.0 = Debug|Any CPU
		{232EB0FA-860E-447A-9259-517EE82CE548}.Release|x86.ActiveCfg = Release|x86
		{232EB0FA-860E-447A-9259-517EE82CE548}.Release|x86.Build.0 = Release|x86
		{232EB0FA-860E-447A-9259-517EE82CE548}.Release|x64.ActiveCfg = Release|x64
		{232EB0FA-860E-447A-9259-517EE82CE548}.Release|x64.Build.0 = Release|x64
		{232EB0FA-860E-447A-9259-517EE82CE548}.Release|Any CPU.ActiveCfg = Release|Any CPU
		{232EB0FA-860E-447A-9259-517EE82CE548}.Release|Any CPU.Build.0 = Release|Any CPU
		{1E16FD0C-92AA-403D-B949-1F19B96DD3CE}.Debug|x86.ActiveCfg = Debug|Win32
		{1E16FD0C-92AA-403D-B949-1F19B96DD3CE}.Debug|x86.Build.0 = Debug|Win32
		{1E16FD0C-92AA-403D-B949-1F19B96DD3CE}.Debug|x64.ActiveCfg = Debug|x64
		{1E16FD0C-92AA-403D-B949-1F19B96DD3CE}.Debug|x64.Build.0 = Debug|x64
		{1E16FD0C-92AA-403D-B949-1F19B96DD3CE}.Debug|Any CPU.ActiveCfg = Debug|x64
		{1E16FD0C-92AA-403D-B949-1F19B96DD3CE}.Debug|Any CPU.Build.0 = Debug|x64
		{1E16FD0C-92AA-403D-B949-1F19B96DD3CE}.Release|x86.ActiveCfg = Release|Win32
		{1E16FD0C-92AA-403D-B949-1F19B96DD3CE}.Release|x86.Build.0 = Release|Win32
		{1E16FD0C-92AA-403D-B949-1F19B96DD3CE}.Release|x64.ActiveCfg = Release|x64
		{1E16FD0C-92AA-403D-B949-1F19B96DD3CE}.Release|x64.Build.0 = Release|x64
		{1E16FD0C-92AA-403D-B949-1F19B96DD3CE}.Release|Any CPU.ActiveCfg = Release|x64
		{1E16FD0C-92AA-403D-B949-1F19B96DD3CE}.Release|Any CPU.Build.0 = Release|x64
		{836F5A1B-754C-411A-9C3D-84DCE9B910F5}.Debug|x86.ActiveCfg = Debug|Any CPU
		{836F5A1B-754C-411A-9C3D-84DCE9B910F5}.Debug|x86.Build.0 = Debug|Any CPU
		{836F5A1B-754C-411A-9C3D-84DCE9B910F5}.Debug|x64.ActiveCfg = Debug|Any CPU
		{836F5A1B-754C-411A-9C3D-84DCE9B910F5}.Debug|x64.Build.0 = Debug|Any CPU
		{836F5A1B-754C-411A-9C3D-84DCE9B910F5}.Debug|Any CPU.ActiveCfg = Debug|Any CPU
		{836F5A1B-754C-411A-9C3D-84DCE9B910F5}.Debug|Any CPU.Build.0 = Debug|Any CPU
		{836F5A1B-754C-411A-9C3D-84DCE9B910F5}.Release|x86.ActiveCfg = Release|Any CPU
		{836F5A1B-754C-411A-9C3D-84DCE9B910F5}.Release|x86.Build.0 = Release|Any CPU
		{836F5A1B-754C-411A-9C3D-84DCE9B910F5}.Release|x64.ActiveCfg = Release|Any CPU
		{836F5A1B-754C-411A-9C3D-84DCE9B910F5}.Release|x64.Build.0 = Release|Any CPU
		{836F5A1B-754C-411A-9C3D-84DCE9B910F5}.Release|Any CPU.ActiveCfg = Release|Any CPU
		{836F5A1B-754C-411A-9C3D-84DCE9B910F5}.Release|Any CPU.Build.0 = Release|Any CPU
		{7E553C95-20F3-490E-918C-62CF844FEA0F}.Debug|x86.ActiveCfg = Debug|Any CPU
		{7E553C95-20F3-490E-918C-62CF844FEA0F}.Debug|x86.Build.0 = Debug|Any CPU
		{7E553C95-20F3-490E-918C-62CF844FEA0F}.Debug|x64.ActiveCfg = Debug|Any CPU
		{7E553C95-20F3-490E-918C-62CF844FEA0F}.Debug|x64.Build.0 = Debug|Any CPU
		{7E553C95-20F3-490E-918C-62CF844FEA0F}.Debug|Any CPU.ActiveCfg = Debug|Any CPU
		{7E553C95-20F3-490E-918C-62CF844FEA0F}.Debug|Any CPU.Build.0 = Debug|Any CPU
		{7E553C95-20F3-490E-918C-62CF844FEA0F}.Release|x86.ActiveCfg = Release|Any CPU
		{7E553C95-20F3-490E-918C-62CF844FEA0F}.Release|x86.Build.0 = Release|Any CPU
		{7E553C95-20F3-490E-918C-62CF844FEA0F}.Release|x64.ActiveCfg = Release|Any CPU
		{7E553C95-20F3-490E-918C-62CF844FEA0F}.Release|x64.Build.0 = Release|Any CPU
		{7E553C95-20F3-490E-918C-62CF844FEA0F}.Release|Any CPU.ActiveCfg = Release|Any CPU
		{7E553C95-20F3-490E-918C-62CF844FEA0F}.Release|Any CPU.Build.0 = Release|Any CPU
		{C810E0E8-230A-431E-BEC8-B3BC5A9BA274}.Debug|x86.ActiveCfg = Debug|Any CPU
		{C810E0E8-230A-431E-BEC8-B3BC5A9BA274}.Debug|x86.Build.0 = Debug|Any CPU
		{C810E0E8-230A-431E-BEC8-B3BC5A9BA274}.Debug|x64.ActiveCfg = Debug|Any CPU
		{C810E0E8-230A-431E-BEC8-B3BC5A9BA274}.Debug|x64.Build.0 = Debug|Any CPU
		{C810E0E8-230A-431E-BEC8-B3BC5A9BA274}.Debug|Any CPU.ActiveCfg = Debug|Any CPU
		{C810E0E8-230A-431E-BEC8-B3BC5A9BA274}.Debug|Any CPU.Build.0 = Debug|Any CPU
		{C810E0E8-230A-431E-BEC8-B3BC5A9BA274}.Release|x86.ActiveCfg = Release|Any CPU
		{C810E0E8-230A-431E-BEC8-B3BC5A9BA274}.Release|x86.Build.0 = Release|Any CPU
		{C810E0E8-230A-431E-BEC8-B3BC5A9BA274}.Release|x64.ActiveCfg = Release|Any CPU
		{C810E0E8-230A-431E-BEC8-B3BC5A9BA274}.Release|x64.Build.0 = Release|Any CPU
		{C810E0E8-230A-431E-BEC8-B3BC5A9BA274}.Release|Any CPU.ActiveCfg = Release|Any CPU
		{C810E0E8-230A-431E-BEC8-B3BC5A9BA274}.Release|Any CPU.Build.0 = Release|Any CPU
		{46A13ADD-550C-4A6E-9995-E26D47A3B836}.Debug|x86.ActiveCfg = Debug|Any CPU
		{46A13ADD-550C-4A6E-9995-E26D47A3B836}.Debug|x86.Build.0 = Debug|Any CPU
		{46A13ADD-550C-4A6E-9995-E26D47A3B836}.Debug|x64.ActiveCfg = Debug|Any CPU
		{46A13ADD-550C-4A6E-9995-E26D47A3B836}.Debug|x64.Build.0 = Debug|Any CPU
		{46A13ADD-550C-4A6E-9995-E26D47A3B836}.Debug|Any CPU.ActiveCfg = Debug|Any CPU
		{46A13ADD-550C-4A6E-9995-E26D47A3B836}.Debug|Any CPU.Build.0 = Debug|Any CPU
		{46A13ADD-550C-4A6E-9995-E26D47A3B836}.Release|x86.ActiveCfg = Release|Any CPU
		{46A13ADD-550C-4A6E-9995-E26D47A3B836}.Release|x86.Build.0 = Release|Any CPU
		{46A13ADD-550C-4A6E-9995-E26D47A3B836}.Release|x64.ActiveCfg = Release|Any CPU
		{46A13ADD-550C-4A6E-9995-E26D47A3B836}.Release|x64.Build.0 = Release|Any CPU
		{46A13ADD-550C-4A6E-9995-E26D47A3B836}.Release|Any CPU.ActiveCfg = Release|Any CPU
		{46A13ADD-550C-4A6E-9995-E26D47A3B836}.Release|Any CPU.Build.0 = Release|Any CPU
		{744D082C-616F-4887-A661-2318205768EC}.Debug|x86.ActiveCfg = Debug|Any CPU
		{744D082C-616F-4887-A661-2318205768EC}.Debug|x86.Build.0 = Debug|Any CPU
		{744D082C-616F-4887-A661-2318205768EC}.Debug|x64.ActiveCfg = Debug|Any CPU
		{744D082C-616F-4887-A661-2318205768EC}.Debug|x64.Build.0 = Debug|Any CPU
		{744D082C-616F-4887-A661-2318205768EC}.Debug|Any CPU.ActiveCfg = Debug|Any CPU
		{744D082C-616F-4887-A661-2318205768EC}.Debug|Any CPU.Build.0 = Debug|Any CPU
		{744D082C-616F-4887-A661-2318205768EC}.Release|x86.ActiveCfg = Release|Any CPU
		{744D082C-616F-4887-A661-2318205768EC}.Release|x86.Build.0 = Release|Any CPU
		{744D082C-616F-4887-A661-2318205768EC}.Release|x64.ActiveCfg = Release|Any CPU
		{744D082C-616F-4887-A661-2318205768EC}.Release|x64.Build.0 = Release|Any CPU
		{744D082C-616F-4887-A661-2318205768EC}.Release|Any CPU.ActiveCfg = Release|Any CPU
		{744D082C-616F-4887-A661-2318205768EC}.Release|Any CPU.Build.0 = Release|Any CPU
	EndGlobalSection
	GlobalSection(SolutionProperties) = preSolution
		HideSolutionNode = FALSE
	EndGlobalSection
	GlobalSection(ExtensibilityGlobals) = postSolution
		SolutionGuid = {C0AAAFBE-CE94-4D45-83D2-D131EDCCEF1A}
	EndGlobalSection
EndGlobal
